
Microsoft Visual Studio Solution File, Format Version 12.00
# Visual Studio Version 17
VisualStudioVersion = 17.4.33205.214
MinimumVisualStudioVersion = 10.0.40219.1
Project("{FAE04EC0-301F-11D3-BF4B-00C04F79EFBC}") = "WebApp4", "WebApp4\WebApp4.csproj", "{86BCB619-8511-4C8F-8D25-C88B6BBCA302}"
EndProject
Global
	GlobalSection(SolutionConfigurationPlatforms) = preSolution
		Debug|Any CPU = Debug|Any CPU
		Release|Any CPU = Release|Any CPU
	EndGlobalSection
	GlobalSection(ProjectConfigurationPlatforms) = postSolution
		{86BCB619-8511-4C8F-8D25-C88B6BBCA302}.Debug|Any CPU.ActiveCfg = Debug|Any CPU
		{86BCB619-8511-4C8F-8D25-C88B6BBCA302}.Debug|Any CPU.Build.0 = Debug|Any CPU
		{86BCB619-8511-4C8F-8D25-C88B6BBCA302}.Release|Any CPU.ActiveCfg = Release|Any CPU
		{86BCB619-8511-4C8F-8D25-C88B6BBCA302}.Release|Any CPU.Build.0 = Release|Any CPU
	EndGlobalSection
	GlobalSection(SolutionProperties) = preSolution
		HideSolutionNode = FALSE
	EndGlobalSection
	GlobalSection(ExtensibilityGlobals) = postSolution
		SolutionGuid = {B1E5804E-D327-46D2-8744-9DFF25A0F73B}
	EndGlobalSection
EndGlobal
